
Microsoft Visual Studio Solution File, Format Version 12.00
# Visual Studio 15
VisualStudioVersion = 15.0.28307.136
MinimumVisualStudioVersion = 10.0.40219.1
Project("{FAE04EC0-301F-11D3-BF4B-00C04F79EFBC}") = "library_management_Lib", "library_management_Lib\library_management_Lib.csproj", "{A584783D-85FF-4752-BABA-462535C6424C}"
EndProject
Global
	GlobalSection(SolutionConfigurationPlatforms) = preSolution
		Debug|Any CPU = Debug|Any CPU
		Release|Any CPU = Release|Any CPU
	EndGlobalSection
	GlobalSection(ProjectConfigurationPlatforms) = postSolution
		{A584783D-85FF-4752-BABA-462535C6424C}.Debug|Any CPU.ActiveCfg = Debug|Any CPU
		{A584783D-85FF-4752-BABA-462535C6424C}.Debug|Any CPU.Build.0 = Debug|Any CPU
		{A584783D-85FF-4752-BABA-462535C6424C}.Release|Any CPU.ActiveCfg = Release|Any CPU
		{A584783D-85FF-4752-BABA-462535C6424C}.Release|Any CPU.Build.0 = Release|Any CPU
	EndGlobalSection
	GlobalSection(SolutionProperties) = preSolution
		HideSolutionNode = FALSE
	EndGlobalSection
	GlobalSection(ExtensibilityGlobals) = postSolution
		SolutionGuid = {4E527C63-1457-40D1-9358-B6BEA98E905B}
	EndGlobalSection
EndGlobal
